
Microsoft Visual Studio Solution File, Format Version 12.00
# Visual Studio Version 17
VisualStudioVersion = 17.1.32328.378
MinimumVisualStudioVersion = 10.0.40219.1
Project("{FAE04EC0-301F-11D3-BF4B-00C04F79EFBC}") = "RWClass_Lib", "RWClass_Lib\RWClass_Lib.csproj", "{B4459811-014C-4E50-A13C-15F6AEAB0A40}"
EndProject
Global
	GlobalSection(SolutionConfigurationPlatforms) = preSolution
		Debug|Any CPU = Debug|Any CPU
		Release|Any CPU = Release|Any CPU
	EndGlobalSection
	GlobalSection(ProjectConfigurationPlatforms) = postSolution
		{B4459811-014C-4E50-A13C-15F6AEAB0A40}.Debug|Any CPU.ActiveCfg = Debug|Any CPU
		{B4459811-014C-4E50-A13C-15F6AEAB0A40}.Debug|Any CPU.Build.0 = Debug|Any CPU
		{B4459811-014C-4E50-A13C-15F6AEAB0A40}.Release|Any CPU.ActiveCfg = Release|Any CPU
		{B4459811-014C-4E50-A13C-15F6AEAB0A40}.Release|Any CPU.Build.0 = Release|Any CPU
	EndGlobalSection
	GlobalSection(SolutionProperties) = preSolution
		HideSolutionNode = FALSE
	EndGlobalSection
	GlobalSection(ExtensibilityGlobals) = postSolution
		SolutionGuid = {C24DA186-812C-4ED3-92C9-31F79757614F}
	EndGlobalSection
EndGlobal
