
Microsoft Visual Studio Solution File, Format Version 12.00
# Visual Studio Version 17
VisualStudioVersion = 17.1.32328.378
MinimumVisualStudioVersion = 10.0.40219.1
Project("{FAE04EC0-301F-11D3-BF4B-00C04F79EFBC}") = "Interface_Lib", "Interface_Lib\Interface_Lib.csproj", "{7548CFF7-C080-441F-83F7-C05C48B320CB}"
EndProject
Global
	GlobalSection(SolutionConfigurationPlatforms) = preSolution
		Debug|Any CPU = Debug|Any CPU
		Release|Any CPU = Release|Any CPU
	EndGlobalSection
	GlobalSection(ProjectConfigurationPlatforms) = postSolution
		{7548CFF7-C080-441F-83F7-C05C48B320CB}.Debug|Any CPU.ActiveCfg = Debug|Any CPU
		{7548CFF7-C080-441F-83F7-C05C48B320CB}.Debug|Any CPU.Build.0 = Debug|Any CPU
		{7548CFF7-C080-441F-83F7-C05C48B320CB}.Release|Any CPU.ActiveCfg = Release|Any CPU
		{7548CFF7-C080-441F-83F7-C05C48B320CB}.Release|Any CPU.Build.0 = Release|Any CPU
	EndGlobalSection
	GlobalSection(SolutionProperties) = preSolution
		HideSolutionNode = FALSE
	EndGlobalSection
	GlobalSection(ExtensibilityGlobals) = postSolution
		SolutionGuid = {2D8F2E8D-F962-4BB5-B6A6-F1DCD409080B}
	EndGlobalSection
EndGlobal
